
Microsoft Visual Studio Solution File, Format Version 12.00
# Visual Studio Version 16
VisualStudioVersion = 16.0.31729.503
MinimumVisualStudioVersion = 10.0.40219.1
Project("{FAE04EC0-301F-11D3-BF4B-00C04F79EFBC}") = "Figure", "Figure\Figure.csproj", "{31A1D96C-E7B1-41BF-9F67-C53F29776670}"
EndProject
Project("{FAE04EC0-301F-11D3-BF4B-00C04F79EFBC}") = "task1", "task1\task1.csproj", "{0FF0D572-292C-47D9-ADDD-A3033D1D1936}"
EndProject
Project("{FAE04EC0-301F-11D3-BF4B-00C04F79EFBC}") = "Phone", "Phone\Phone.csproj", "{229FBE85-3BAB-4AB3-B3FB-C029FAB2864D}"
EndProject
Project("{FAE04EC0-301F-11D3-BF4B-00C04F79EFBC}") = "task2", "task2\task2.csproj", "{B2846F68-4974-44B8-ADCD-5BFFEF2A1B94}"
EndProject
Global
	GlobalSection(SolutionConfigurationPlatforms) = preSolution
		Debug|Any CPU = Debug|Any CPU
		Release|Any CPU = Release|Any CPU
	EndGlobalSection
	GlobalSection(ProjectConfigurationPlatforms) = postSolution
		{31A1D96C-E7B1-41BF-9F67-C53F29776670}.Debug|Any CPU.ActiveCfg = Debug|Any CPU
		{31A1D96C-E7B1-41BF-9F67-C53F29776670}.Debug|Any CPU.Build.0 = Debug|Any CPU
		{31A1D96C-E7B1-41BF-9F67-C53F29776670}.Release|Any CPU.ActiveCfg = Release|Any CPU
		{31A1D96C-E7B1-41BF-9F67-C53F29776670}.Release|Any CPU.Build.0 = Release|Any CPU
		{0FF0D572-292C-47D9-ADDD-A3033D1D1936}.Debug|Any CPU.ActiveCfg = Debug|Any CPU
		{0FF0D572-292C-47D9-ADDD-A3033D1D1936}.Debug|Any CPU.Build.0 = Debug|Any CPU
		{0FF0D572-292C-47D9-ADDD-A3033D1D1936}.Release|Any CPU.ActiveCfg = Release|Any CPU
		{0FF0D572-292C-47D9-ADDD-A3033D1D1936}.Release|Any CPU.Build.0 = Release|Any CPU
		{229FBE85-3BAB-4AB3-B3FB-C029FAB2864D}.Debug|Any CPU.ActiveCfg = Debug|Any CPU
		{229FBE85-3BAB-4AB3-B3FB-C029FAB2864D}.Debug|Any CPU.Build.0 = Debug|Any CPU
		{229FBE85-3BAB-4AB3-B3FB-C029FAB2864D}.Release|Any CPU.ActiveCfg = Release|Any CPU
		{229FBE85-3BAB-4AB3-B3FB-C029FAB2864D}.Release|Any CPU.Build.0 = Release|Any CPU
		{B2846F68-4974-44B8-ADCD-5BFFEF2A1B94}.Debug|Any CPU.ActiveCfg = Debug|Any CPU
		{B2846F68-4974-44B8-ADCD-5BFFEF2A1B94}.Debug|Any CPU.Build.0 = Debug|Any CPU
		{B2846F68-4974-44B8-ADCD-5BFFEF2A1B94}.Release|Any CPU.ActiveCfg = Release|Any CPU
		{B2846F68-4974-44B8-ADCD-5BFFEF2A1B94}.Release|Any CPU.Build.0 = Release|Any CPU
	EndGlobalSection
	GlobalSection(SolutionProperties) = preSolution
		HideSolutionNode = FALSE
	EndGlobalSection
	GlobalSection(ExtensibilityGlobals) = postSolution
		SolutionGuid = {E2DB8D60-7EF5-44FC-9058-19DC1E86132A}
	EndGlobalSection
EndGlobal
