
Microsoft Visual Studio Solution File, Format Version 12.00
# Visual Studio Version 16
VisualStudioVersion = 16.0.31729.503
MinimumVisualStudioVersion = 10.0.40219.1
Project("{FAE04EC0-301F-11D3-BF4B-00C04F79EFBC}") = "task1", "task1\task1.csproj", "{FD68A294-B756-47DA-B5B3-295DB6AC6E14}"
EndProject
Project("{FAE04EC0-301F-11D3-BF4B-00C04F79EFBC}") = "task2", "task2\task2.csproj", "{FC7DDB90-B09C-4004-B68E-CC1DF4E0297B}"
EndProject
Global
	GlobalSection(SolutionConfigurationPlatforms) = preSolution
		Debug|Any CPU = Debug|Any CPU
		Release|Any CPU = Release|Any CPU
	EndGlobalSection
	GlobalSection(ProjectConfigurationPlatforms) = postSolution
		{FD68A294-B756-47DA-B5B3-295DB6AC6E14}.Debug|Any CPU.ActiveCfg = Debug|Any CPU
		{FD68A294-B756-47DA-B5B3-295DB6AC6E14}.Debug|Any CPU.Build.0 = Debug|Any CPU
		{FD68A294-B756-47DA-B5B3-295DB6AC6E14}.Release|Any CPU.ActiveCfg = Release|Any CPU
		{FD68A294-B756-47DA-B5B3-295DB6AC6E14}.Release|Any CPU.Build.0 = Release|Any CPU
		{FC7DDB90-B09C-4004-B68E-CC1DF4E0297B}.Debug|Any CPU.ActiveCfg = Debug|Any CPU
		{FC7DDB90-B09C-4004-B68E-CC1DF4E0297B}.Debug|Any CPU.Build.0 = Debug|Any CPU
		{FC7DDB90-B09C-4004-B68E-CC1DF4E0297B}.Release|Any CPU.ActiveCfg = Release|Any CPU
		{FC7DDB90-B09C-4004-B68E-CC1DF4E0297B}.Release|Any CPU.Build.0 = Release|Any CPU
	EndGlobalSection
	GlobalSection(SolutionProperties) = preSolution
		HideSolutionNode = FALSE
	EndGlobalSection
	GlobalSection(ExtensibilityGlobals) = postSolution
		SolutionGuid = {382BA9CE-13B0-4B39-926D-F087A2E51DDB}
	EndGlobalSection
EndGlobal
