
Microsoft Visual Studio Solution File, Format Version 12.00
# Visual Studio Version 16
VisualStudioVersion = 16.0.31729.503
MinimumVisualStudioVersion = 10.0.40219.1
Project("{9A19103F-16F7-4668-BE54-9A1E7A4F7556}") = "task1", "task1\task1.csproj", "{EC1741FF-CFDA-490A-A861-E0BE38B468BF}"
EndProject
Project("{9A19103F-16F7-4668-BE54-9A1E7A4F7556}") = "task2", "task2\task2.csproj", "{52EB9546-5626-4E1E-A4F1-827C1122CA86}"
EndProject
Project("{FAE04EC0-301F-11D3-BF4B-00C04F79EFBC}") = "task3", "task3\task3.csproj", "{DF91574F-6028-4E29-AF69-603AD176AE8A}"
EndProject
Global
	GlobalSection(SolutionConfigurationPlatforms) = preSolution
		Debug|Any CPU = Debug|Any CPU
		Release|Any CPU = Release|Any CPU
	EndGlobalSection
	GlobalSection(ProjectConfigurationPlatforms) = postSolution
		{EC1741FF-CFDA-490A-A861-E0BE38B468BF}.Debug|Any CPU.ActiveCfg = Debug|Any CPU
		{EC1741FF-CFDA-490A-A861-E0BE38B468BF}.Debug|Any CPU.Build.0 = Debug|Any CPU
		{EC1741FF-CFDA-490A-A861-E0BE38B468BF}.Release|Any CPU.ActiveCfg = Release|Any CPU
		{EC1741FF-CFDA-490A-A861-E0BE38B468BF}.Release|Any CPU.Build.0 = Release|Any CPU
		{52EB9546-5626-4E1E-A4F1-827C1122CA86}.Debug|Any CPU.ActiveCfg = Debug|Any CPU
		{52EB9546-5626-4E1E-A4F1-827C1122CA86}.Debug|Any CPU.Build.0 = Debug|Any CPU
		{52EB9546-5626-4E1E-A4F1-827C1122CA86}.Release|Any CPU.ActiveCfg = Release|Any CPU
		{52EB9546-5626-4E1E-A4F1-827C1122CA86}.Release|Any CPU.Build.0 = Release|Any CPU
		{DF91574F-6028-4E29-AF69-603AD176AE8A}.Debug|Any CPU.ActiveCfg = Debug|Any CPU
		{DF91574F-6028-4E29-AF69-603AD176AE8A}.Debug|Any CPU.Build.0 = Debug|Any CPU
		{DF91574F-6028-4E29-AF69-603AD176AE8A}.Release|Any CPU.ActiveCfg = Release|Any CPU
		{DF91574F-6028-4E29-AF69-603AD176AE8A}.Release|Any CPU.Build.0 = Release|Any CPU
	EndGlobalSection
	GlobalSection(SolutionProperties) = preSolution
		HideSolutionNode = FALSE
	EndGlobalSection
	GlobalSection(ExtensibilityGlobals) = postSolution
		SolutionGuid = {48C654A3-8452-451F-808E-ED2A03915344}
	EndGlobalSection
EndGlobal
