
Microsoft Visual Studio Solution File, Format Version 12.00
# Visual Studio Version 16
VisualStudioVersion = 16.0.31729.503
MinimumVisualStudioVersion = 10.0.40219.1
Project("{FAE04EC0-301F-11D3-BF4B-00C04F79EFBC}") = "task1", "task1\task1.csproj", "{75AD5C8A-DF03-4234-817B-CDD200CE3AC2}"
EndProject
Project("{FAE04EC0-301F-11D3-BF4B-00C04F79EFBC}") = "task2", "task2\task2.csproj", "{B9C00765-AA0A-4EDD-973E-20E805638E73}"
EndProject
Project("{FAE04EC0-301F-11D3-BF4B-00C04F79EFBC}") = "task3", "task3\task3.csproj", "{03A92981-A5D0-47BB-A2CA-DC9718A0EBE4}"
EndProject
Project("{FAE04EC0-301F-11D3-BF4B-00C04F79EFBC}") = "task4", "task4\task4.csproj", "{30805BC2-EEB1-4EAC-A202-ADF599C3AD7F}"
EndProject
Global
	GlobalSection(SolutionConfigurationPlatforms) = preSolution
		Debug|Any CPU = Debug|Any CPU
		Release|Any CPU = Release|Any CPU
	EndGlobalSection
	GlobalSection(ProjectConfigurationPlatforms) = postSolution
		{75AD5C8A-DF03-4234-817B-CDD200CE3AC2}.Debug|Any CPU.ActiveCfg = Debug|Any CPU
		{75AD5C8A-DF03-4234-817B-CDD200CE3AC2}.Debug|Any CPU.Build.0 = Debug|Any CPU
		{75AD5C8A-DF03-4234-817B-CDD200CE3AC2}.Release|Any CPU.ActiveCfg = Release|Any CPU
		{75AD5C8A-DF03-4234-817B-CDD200CE3AC2}.Release|Any CPU.Build.0 = Release|Any CPU
		{B9C00765-AA0A-4EDD-973E-20E805638E73}.Debug|Any CPU.ActiveCfg = Debug|Any CPU
		{B9C00765-AA0A-4EDD-973E-20E805638E73}.Debug|Any CPU.Build.0 = Debug|Any CPU
		{B9C00765-AA0A-4EDD-973E-20E805638E73}.Release|Any CPU.ActiveCfg = Release|Any CPU
		{B9C00765-AA0A-4EDD-973E-20E805638E73}.Release|Any CPU.Build.0 = Release|Any CPU
		{03A92981-A5D0-47BB-A2CA-DC9718A0EBE4}.Debug|Any CPU.ActiveCfg = Debug|Any CPU
		{03A92981-A5D0-47BB-A2CA-DC9718A0EBE4}.Debug|Any CPU.Build.0 = Debug|Any CPU
		{03A92981-A5D0-47BB-A2CA-DC9718A0EBE4}.Release|Any CPU.ActiveCfg = Release|Any CPU
		{03A92981-A5D0-47BB-A2CA-DC9718A0EBE4}.Release|Any CPU.Build.0 = Release|Any CPU
		{30805BC2-EEB1-4EAC-A202-ADF599C3AD7F}.Debug|Any CPU.ActiveCfg = Debug|Any CPU
		{30805BC2-EEB1-4EAC-A202-ADF599C3AD7F}.Debug|Any CPU.Build.0 = Debug|Any CPU
		{30805BC2-EEB1-4EAC-A202-ADF599C3AD7F}.Release|Any CPU.ActiveCfg = Release|Any CPU
		{30805BC2-EEB1-4EAC-A202-ADF599C3AD7F}.Release|Any CPU.Build.0 = Release|Any CPU
	EndGlobalSection
	GlobalSection(SolutionProperties) = preSolution
		HideSolutionNode = FALSE
	EndGlobalSection
	GlobalSection(ExtensibilityGlobals) = postSolution
		SolutionGuid = {72E752FF-9BB9-49B9-B8A2-0BA0BA456048}
	EndGlobalSection
EndGlobal
