
Microsoft Visual Studio Solution File, Format Version 12.00
# Visual Studio Version 16
VisualStudioVersion = 16.0.31729.503
MinimumVisualStudioVersion = 10.0.40219.1
Project("{9A19103F-16F7-4668-BE54-9A1E7A4F7556}") = "task1", "task1\task1.csproj", "{2803DE04-884C-4177-9CC6-2C6B52BAAF6D}"
EndProject
Project("{FAE04EC0-301F-11D3-BF4B-00C04F79EFBC}") = "task2", "task2\task2.csproj", "{6D19A308-A230-428E-8B3A-7AB6AAAA34B7}"
EndProject
Global
	GlobalSection(SolutionConfigurationPlatforms) = preSolution
		Debug|Any CPU = Debug|Any CPU
		Release|Any CPU = Release|Any CPU
	EndGlobalSection
	GlobalSection(ProjectConfigurationPlatforms) = postSolution
		{2803DE04-884C-4177-9CC6-2C6B52BAAF6D}.Debug|Any CPU.ActiveCfg = Debug|Any CPU
		{2803DE04-884C-4177-9CC6-2C6B52BAAF6D}.Debug|Any CPU.Build.0 = Debug|Any CPU
		{2803DE04-884C-4177-9CC6-2C6B52BAAF6D}.Release|Any CPU.ActiveCfg = Release|Any CPU
		{2803DE04-884C-4177-9CC6-2C6B52BAAF6D}.Release|Any CPU.Build.0 = Release|Any CPU
		{6D19A308-A230-428E-8B3A-7AB6AAAA34B7}.Debug|Any CPU.ActiveCfg = Debug|Any CPU
		{6D19A308-A230-428E-8B3A-7AB6AAAA34B7}.Debug|Any CPU.Build.0 = Debug|Any CPU
		{6D19A308-A230-428E-8B3A-7AB6AAAA34B7}.Release|Any CPU.ActiveCfg = Release|Any CPU
		{6D19A308-A230-428E-8B3A-7AB6AAAA34B7}.Release|Any CPU.Build.0 = Release|Any CPU
	EndGlobalSection
	GlobalSection(SolutionProperties) = preSolution
		HideSolutionNode = FALSE
	EndGlobalSection
	GlobalSection(ExtensibilityGlobals) = postSolution
		SolutionGuid = {BF32B87D-DD31-471A-A63E-784EA60352B4}
	EndGlobalSection
EndGlobal
