
Microsoft Visual Studio Solution File, Format Version 12.00
# Visual Studio Version 16
VisualStudioVersion = 16.0.31729.503
MinimumVisualStudioVersion = 10.0.40219.1
Project("{FAE04EC0-301F-11D3-BF4B-00C04F79EFBC}") = "task1", "task1\task1.csproj", "{B1F9124D-15A0-4013-81D1-33C9CB6DE04F}"
EndProject
Project("{FAE04EC0-301F-11D3-BF4B-00C04F79EFBC}") = "task2", "task2\task2.csproj", "{4772EAB6-FCD7-48B1-86E3-ABFA4578FC31}"
EndProject
Project("{FAE04EC0-301F-11D3-BF4B-00C04F79EFBC}") = "task3", "task3\task3.csproj", "{E8F8228E-9F8F-4979-BEEC-DA5AC92B57D6}"
EndProject
Project("{FAE04EC0-301F-11D3-BF4B-00C04F79EFBC}") = "task4", "task4\task4.csproj", "{7AD8FA3E-4D8F-4A15-9537-F9135CF51B19}"
EndProject
Global
	GlobalSection(SolutionConfigurationPlatforms) = preSolution
		Debug|Any CPU = Debug|Any CPU
		Release|Any CPU = Release|Any CPU
	EndGlobalSection
	GlobalSection(ProjectConfigurationPlatforms) = postSolution
		{B1F9124D-15A0-4013-81D1-33C9CB6DE04F}.Debug|Any CPU.ActiveCfg = Debug|Any CPU
		{B1F9124D-15A0-4013-81D1-33C9CB6DE04F}.Debug|Any CPU.Build.0 = Debug|Any CPU
		{B1F9124D-15A0-4013-81D1-33C9CB6DE04F}.Release|Any CPU.ActiveCfg = Release|Any CPU
		{B1F9124D-15A0-4013-81D1-33C9CB6DE04F}.Release|Any CPU.Build.0 = Release|Any CPU
		{4772EAB6-FCD7-48B1-86E3-ABFA4578FC31}.Debug|Any CPU.ActiveCfg = Debug|Any CPU
		{4772EAB6-FCD7-48B1-86E3-ABFA4578FC31}.Debug|Any CPU.Build.0 = Debug|Any CPU
		{4772EAB6-FCD7-48B1-86E3-ABFA4578FC31}.Release|Any CPU.ActiveCfg = Release|Any CPU
		{4772EAB6-FCD7-48B1-86E3-ABFA4578FC31}.Release|Any CPU.Build.0 = Release|Any CPU
		{E8F8228E-9F8F-4979-BEEC-DA5AC92B57D6}.Debug|Any CPU.ActiveCfg = Debug|Any CPU
		{E8F8228E-9F8F-4979-BEEC-DA5AC92B57D6}.Debug|Any CPU.Build.0 = Debug|Any CPU
		{E8F8228E-9F8F-4979-BEEC-DA5AC92B57D6}.Release|Any CPU.ActiveCfg = Release|Any CPU
		{E8F8228E-9F8F-4979-BEEC-DA5AC92B57D6}.Release|Any CPU.Build.0 = Release|Any CPU
		{7AD8FA3E-4D8F-4A15-9537-F9135CF51B19}.Debug|Any CPU.ActiveCfg = Debug|Any CPU
		{7AD8FA3E-4D8F-4A15-9537-F9135CF51B19}.Debug|Any CPU.Build.0 = Debug|Any CPU
		{7AD8FA3E-4D8F-4A15-9537-F9135CF51B19}.Release|Any CPU.ActiveCfg = Release|Any CPU
		{7AD8FA3E-4D8F-4A15-9537-F9135CF51B19}.Release|Any CPU.Build.0 = Release|Any CPU
	EndGlobalSection
	GlobalSection(SolutionProperties) = preSolution
		HideSolutionNode = FALSE
	EndGlobalSection
	GlobalSection(ExtensibilityGlobals) = postSolution
		SolutionGuid = {5EB66BCB-3976-4452-AFDD-C6BE55BC8929}
	EndGlobalSection
EndGlobal
