
Microsoft Visual Studio Solution File, Format Version 12.00
# Visual Studio Version 16
VisualStudioVersion = 16.0.31729.503
MinimumVisualStudioVersion = 10.0.40219.1
Project("{9A19103F-16F7-4668-BE54-9A1E7A4F7556}") = "task1", "task1\task1.csproj", "{9D749B5D-3808-4D4F-AC30-E421B8F14422}"
EndProject
Project("{9A19103F-16F7-4668-BE54-9A1E7A4F7556}") = "task2", "task2\task2.csproj", "{834A5C65-D0A2-4C57-821A-185D201E80DB}"
EndProject
Project("{9A19103F-16F7-4668-BE54-9A1E7A4F7556}") = "task3", "task3\task3.csproj", "{4B318FFA-7E0B-4DF0-9C50-2876A8AC6734}"
EndProject
Project("{9A19103F-16F7-4668-BE54-9A1E7A4F7556}") = "task4", "task4\task4.csproj", "{FC0DD82B-B733-4282-BA3D-F3C9D2A24E7A}"
EndProject
Project("{FAE04EC0-301F-11D3-BF4B-00C04F79EFBC}") = "task 11", "task 11\task 11.csproj", "{4CAC97EB-1517-48C3-88D5-24B30CCB80A8}"
EndProject
Global
	GlobalSection(SolutionConfigurationPlatforms) = preSolution
		Debug|Any CPU = Debug|Any CPU
		Release|Any CPU = Release|Any CPU
	EndGlobalSection
	GlobalSection(ProjectConfigurationPlatforms) = postSolution
		{9D749B5D-3808-4D4F-AC30-E421B8F14422}.Debug|Any CPU.ActiveCfg = Debug|Any CPU
		{9D749B5D-3808-4D4F-AC30-E421B8F14422}.Debug|Any CPU.Build.0 = Debug|Any CPU
		{9D749B5D-3808-4D4F-AC30-E421B8F14422}.Release|Any CPU.ActiveCfg = Release|Any CPU
		{9D749B5D-3808-4D4F-AC30-E421B8F14422}.Release|Any CPU.Build.0 = Release|Any CPU
		{834A5C65-D0A2-4C57-821A-185D201E80DB}.Debug|Any CPU.ActiveCfg = Debug|Any CPU
		{834A5C65-D0A2-4C57-821A-185D201E80DB}.Debug|Any CPU.Build.0 = Debug|Any CPU
		{834A5C65-D0A2-4C57-821A-185D201E80DB}.Release|Any CPU.ActiveCfg = Release|Any CPU
		{834A5C65-D0A2-4C57-821A-185D201E80DB}.Release|Any CPU.Build.0 = Release|Any CPU
		{4B318FFA-7E0B-4DF0-9C50-2876A8AC6734}.Debug|Any CPU.ActiveCfg = Debug|Any CPU
		{4B318FFA-7E0B-4DF0-9C50-2876A8AC6734}.Debug|Any CPU.Build.0 = Debug|Any CPU
		{4B318FFA-7E0B-4DF0-9C50-2876A8AC6734}.Release|Any CPU.ActiveCfg = Release|Any CPU
		{4B318FFA-7E0B-4DF0-9C50-2876A8AC6734}.Release|Any CPU.Build.0 = Release|Any CPU
		{FC0DD82B-B733-4282-BA3D-F3C9D2A24E7A}.Debug|Any CPU.ActiveCfg = Debug|Any CPU
		{FC0DD82B-B733-4282-BA3D-F3C9D2A24E7A}.Debug|Any CPU.Build.0 = Debug|Any CPU
		{FC0DD82B-B733-4282-BA3D-F3C9D2A24E7A}.Release|Any CPU.ActiveCfg = Release|Any CPU
		{FC0DD82B-B733-4282-BA3D-F3C9D2A24E7A}.Release|Any CPU.Build.0 = Release|Any CPU
		{4CAC97EB-1517-48C3-88D5-24B30CCB80A8}.Debug|Any CPU.ActiveCfg = Debug|Any CPU
		{4CAC97EB-1517-48C3-88D5-24B30CCB80A8}.Debug|Any CPU.Build.0 = Debug|Any CPU
		{4CAC97EB-1517-48C3-88D5-24B30CCB80A8}.Release|Any CPU.ActiveCfg = Release|Any CPU
		{4CAC97EB-1517-48C3-88D5-24B30CCB80A8}.Release|Any CPU.Build.0 = Release|Any CPU
	EndGlobalSection
	GlobalSection(SolutionProperties) = preSolution
		HideSolutionNode = FALSE
	EndGlobalSection
	GlobalSection(ExtensibilityGlobals) = postSolution
		SolutionGuid = {3C318BD7-1963-415C-86B7-BB0D494B4C2F}
	EndGlobalSection
EndGlobal
