
Microsoft Visual Studio Solution File, Format Version 12.00
# Visual Studio Version 16
VisualStudioVersion = 16.0.31729.503
MinimumVisualStudioVersion = 10.0.40219.1
Project("{9A19103F-16F7-4668-BE54-9A1E7A4F7556}") = "task1", "task1\task1.csproj", "{9C5932F3-0571-43F5-B6F2-3B883DA49009}"
EndProject
Project("{9A19103F-16F7-4668-BE54-9A1E7A4F7556}") = "task2", "task2\task2.csproj", "{3BEA1B6E-A5CC-48B9-877B-F6B60CABF9FD}"
EndProject
Project("{FAE04EC0-301F-11D3-BF4B-00C04F79EFBC}") = "task3", "task3\task3.csproj", "{7AF335A3-F1A4-4172-AEFA-770A9B76ADBF}"
EndProject
Global
	GlobalSection(SolutionConfigurationPlatforms) = preSolution
		Debug|Any CPU = Debug|Any CPU
		Release|Any CPU = Release|Any CPU
	EndGlobalSection
	GlobalSection(ProjectConfigurationPlatforms) = postSolution
		{9C5932F3-0571-43F5-B6F2-3B883DA49009}.Debug|Any CPU.ActiveCfg = Debug|Any CPU
		{9C5932F3-0571-43F5-B6F2-3B883DA49009}.Debug|Any CPU.Build.0 = Debug|Any CPU
		{9C5932F3-0571-43F5-B6F2-3B883DA49009}.Release|Any CPU.ActiveCfg = Release|Any CPU
		{9C5932F3-0571-43F5-B6F2-3B883DA49009}.Release|Any CPU.Build.0 = Release|Any CPU
		{3BEA1B6E-A5CC-48B9-877B-F6B60CABF9FD}.Debug|Any CPU.ActiveCfg = Debug|Any CPU
		{3BEA1B6E-A5CC-48B9-877B-F6B60CABF9FD}.Debug|Any CPU.Build.0 = Debug|Any CPU
		{3BEA1B6E-A5CC-48B9-877B-F6B60CABF9FD}.Release|Any CPU.ActiveCfg = Release|Any CPU
		{3BEA1B6E-A5CC-48B9-877B-F6B60CABF9FD}.Release|Any CPU.Build.0 = Release|Any CPU
		{7AF335A3-F1A4-4172-AEFA-770A9B76ADBF}.Debug|Any CPU.ActiveCfg = Debug|Any CPU
		{7AF335A3-F1A4-4172-AEFA-770A9B76ADBF}.Debug|Any CPU.Build.0 = Debug|Any CPU
		{7AF335A3-F1A4-4172-AEFA-770A9B76ADBF}.Release|Any CPU.ActiveCfg = Release|Any CPU
		{7AF335A3-F1A4-4172-AEFA-770A9B76ADBF}.Release|Any CPU.Build.0 = Release|Any CPU
	EndGlobalSection
	GlobalSection(SolutionProperties) = preSolution
		HideSolutionNode = FALSE
	EndGlobalSection
	GlobalSection(ExtensibilityGlobals) = postSolution
		SolutionGuid = {0D564448-78CB-4850-A1FD-A57FD495B6DC}
	EndGlobalSection
EndGlobal
